
Microsoft Visual Studio Solution File, Format Version 11.00
# Visual Studio 2010
Project("{2857B73E-F847-4B02-9238-064979017E93}") = "PoinTransform", "PoinTransform.cproj", "{31777390-F97C-48A6-9C24-C79F4F2E1250}"
EndProject
Global
	GlobalSection(SolutionConfigurationPlatforms) = preSolution
		Debug|Any CPU = Debug|Any CPU
		Release|Any CPU = Release|Any CPU
	EndGlobalSection
	GlobalSection(ProjectConfigurationPlatforms) = postSolution
		{31777390-F97C-48A6-9C24-C79F4F2E1250}.Debug|Any CPU.ActiveCfg = Debug|Any CPU
		{31777390-F97C-48A6-9C24-C79F4F2E1250}.Debug|Any CPU.Build.0 = Debug|Any CPU
		{31777390-F97C-48A6-9C24-C79F4F2E1250}.Release|Any CPU.ActiveCfg = Release|Any CPU
		{31777390-F97C-48A6-9C24-C79F4F2E1250}.Release|Any CPU.Build.0 = Release|Any CPU
	EndGlobalSection
	GlobalSection(MonoDevelopProperties) = preSolution
		StartupItem = PoinTransform.cproj
	EndGlobalSection
EndGlobal
